
Microsoft Visual Studio Solution File, Format Version 12.00
# Visual Studio Version 16
VisualStudioVersion = 16.0.30330.147
MinimumVisualStudioVersion = 10.0.40219.1
Project("{FAE04EC0-301F-11D3-BF4B-00C04F79EFBC}") = "WpfCarConfigurator", "WpfCarConfigurator\WpfCarConfigurator.csproj", "{54C90DE0-2C10-441A-BB25-4CE61DAB5EA1}"
EndProject
Project("{FAE04EC0-301F-11D3-BF4B-00C04F79EFBC}") = "WpfNotepad", "WpfNotepad\WpfNotepad.csproj", "{D2A6E728-B2AE-467E-873D-F394B9BC74D3}"
EndProject
Global
	GlobalSection(SolutionConfigurationPlatforms) = preSolution
		Debug|Any CPU = Debug|Any CPU
		Release|Any CPU = Release|Any CPU
	EndGlobalSection
	GlobalSection(ProjectConfigurationPlatforms) = postSolution
		{54C90DE0-2C10-441A-BB25-4CE61DAB5EA1}.Debug|Any CPU.ActiveCfg = Debug|Any CPU
		{54C90DE0-2C10-441A-BB25-4CE61DAB5EA1}.Debug|Any CPU.Build.0 = Debug|Any CPU
		{54C90DE0-2C10-441A-BB25-4CE61DAB5EA1}.Release|Any CPU.ActiveCfg = Release|Any CPU
		{54C90DE0-2C10-441A-BB25-4CE61DAB5EA1}.Release|Any CPU.Build.0 = Release|Any CPU
		{D2A6E728-B2AE-467E-873D-F394B9BC74D3}.Debug|Any CPU.ActiveCfg = Debug|Any CPU
		{D2A6E728-B2AE-467E-873D-F394B9BC74D3}.Debug|Any CPU.Build.0 = Debug|Any CPU
		{D2A6E728-B2AE-467E-873D-F394B9BC74D3}.Release|Any CPU.ActiveCfg = Release|Any CPU
		{D2A6E728-B2AE-467E-873D-F394B9BC74D3}.Release|Any CPU.Build.0 = Release|Any CPU
	EndGlobalSection
	GlobalSection(SolutionProperties) = preSolution
		HideSolutionNode = FALSE
	EndGlobalSection
	GlobalSection(ExtensibilityGlobals) = postSolution
		SolutionGuid = {940B495C-5E5C-4AE8-BFC9-82F1464629F6}
	EndGlobalSection
EndGlobal
